
Microsoft Visual Studio Solution File, Format Version 12.00
# Visual Studio 15
VisualStudioVersion = 15.0.28307.271
MinimumVisualStudioVersion = 10.0.40219.1
Project("{FAE04EC0-301F-11D3-BF4B-00C04F79EFBC}") = "examPrep", "examPrep\examPrep.csproj", "{006AF784-99B9-4283-9434-B00FA00B3703}"
EndProject
Global
	GlobalSection(SolutionConfigurationPlatforms) = preSolution
		Debug|Any CPU = Debug|Any CPU
		Release|Any CPU = Release|Any CPU
	EndGlobalSection
	GlobalSection(ProjectConfigurationPlatforms) = postSolution
		{006AF784-99B9-4283-9434-B00FA00B3703}.Debug|Any CPU.ActiveCfg = Debug|Any CPU
		{006AF784-99B9-4283-9434-B00FA00B3703}.Debug|Any CPU.Build.0 = Debug|Any CPU
		{006AF784-99B9-4283-9434-B00FA00B3703}.Release|Any CPU.ActiveCfg = Release|Any CPU
		{006AF784-99B9-4283-9434-B00FA00B3703}.Release|Any CPU.Build.0 = Release|Any CPU
	EndGlobalSection
	GlobalSection(SolutionProperties) = preSolution
		HideSolutionNode = FALSE
	EndGlobalSection
	GlobalSection(ExtensibilityGlobals) = postSolution
		SolutionGuid = {428A6259-94C2-4DAC-88D9-A51A22E83487}
	EndGlobalSection
EndGlobal
